
Microsoft Visual Studio Solution File, Format Version 12.00
# Visual Studio Version 16
VisualStudioVersion = 16.0.31702.278
MinimumVisualStudioVersion = 10.0.40219.1
Project("{FAE04EC0-301F-11D3-BF4B-00C04F79EFBC}") = "WingtipToys", "WingtipToys\WingtipToys.csproj", "{AA152635-2331-405E-B07F-0162E376540B}"
EndProject
Global
	GlobalSection(SolutionConfigurationPlatforms) = preSolution
		Debug|Any CPU = Debug|Any CPU
		Release|Any CPU = Release|Any CPU
	EndGlobalSection
	GlobalSection(ProjectConfigurationPlatforms) = postSolution
		{AA152635-2331-405E-B07F-0162E376540B}.Debug|Any CPU.ActiveCfg = Debug|Any CPU
		{AA152635-2331-405E-B07F-0162E376540B}.Debug|Any CPU.Build.0 = Debug|Any CPU
		{AA152635-2331-405E-B07F-0162E376540B}.Release|Any CPU.ActiveCfg = Release|Any CPU
		{AA152635-2331-405E-B07F-0162E376540B}.Release|Any CPU.Build.0 = Release|Any CPU
	EndGlobalSection
	GlobalSection(SolutionProperties) = preSolution
		HideSolutionNode = FALSE
	EndGlobalSection
	GlobalSection(ExtensibilityGlobals) = postSolution
		SolutionGuid = {80F302A3-3F05-4B5F-8256-C193F4239F30}
	EndGlobalSection
EndGlobal
